// !$*UTF8*$!
{
	archiveVersion = 1;
	classes = {
	};
	objectVersion = 54;
	objects = {

/* Begin PBXBuildFile section */
		436C6B011C59595E00C4FE10 /* loopback.c in Sources */ = {isa = PBXBuildFile; fileRef = 436C6B001C59595E00C4FE10 /* loopback.c */; };
		43E954082649F92C009CCB55 /* libfuse.2.dylib in Frameworks */ = {isa = PBXBuildFile; fileRef = 43E954072649F92C009CCB55 /* libfuse.2.dylib */; };
/* End PBXBuildFile section */

/* Begin PBXFileReference section */
		436C6AFD1C59595E00C4FE10 /* loopback */ = {isa = PBXFileReference; explicitFileType = "compiled.mach-o.executable"; includeInIndex = 0; path = loopback; sourceTree = BUILT_PRODUCTS_DIR; };
		436C6B001C59595E00C4FE10 /* loopback.c */ = {isa = PBXFileReference; lastKnownFileType = sourcecode.c.c; path = loopback.c; sourceTree = "<group>"; };
		43ADB58922817D2200B49726 /* loopback.entitlements */ = {isa = PBXFileReference; lastKnownFileType = text.plist.entitlements; path = loopback.entitlements; sourceTree = "<group>"; };
		43E953B12646EC9A009CCB55 /* LICENSE.txt */ = {isa = PBXFileReference; lastKnownFileType = text; path = LICENSE.txt; sourceTree = "<group>"; };
		43E954072649F92C009CCB55 /* libfuse.2.dylib */ = {isa = PBXFileReference; lastKnownFileType = "compiled.mach-o.dylib"; name = libfuse.2.dylib; path = ../../../../../../../usr/local/lib/libfuse.2.dylib; sourceTree = "<group>"; };
/* End PBXFileReference section */

/* Begin PBXFrameworksBuildPhase section */
		436C6AFA1C59595E00C4FE10 /* Frameworks */ = {
			isa = PBXFrameworksBuildPhase;
			buildActionMask = 2147483647;
			files = (
				43E954082649F92C009CCB55 /* libfuse.2.dylib in Frameworks */,
			);
			runOnlyForDeploymentPostprocessing = 0;
		};
/* End PBXFrameworksBuildPhase section */

/* Begin PBXGroup section */
		436C6AF41C59595E00C4FE10 = {
			isa = PBXGroup;
			children = (
				43E953B12646EC9A009CCB55 /* LICENSE.txt */,
				436C6AFF1C59595E00C4FE10 /* loopback */,
				43E954062649F92C009CCB55 /* Frameworks */,
				436C6AFE1C59595E00C4FE10 /* Products */,
			);
			sourceTree = "<group>";
		};
		436C6AFE1C59595E00C4FE10 /* Products */ = {
			isa = PBXGroup;
			children = (
				436C6AFD1C59595E00C4FE10 /* loopback */,
			);
			name = Products;
			sourceTree = "<group>";
		};
		436C6AFF1C59595E00C4FE10 /* loopback */ = {
			isa = PBXGroup;
			children = (
				43ADB58922817D2200B49726 /* loopback.entitlements */,
				436C6B001C59595E00C4FE10 /* loopback.c */,
			);
			path = loopback;
			sourceTree = "<group>";
		};
		43E954062649F92C009CCB55 /* Frameworks */ = {
			isa = PBXGroup;
			children = (
				43E954072649F92C009CCB55 /* libfuse.2.dylib */,
			);
			name = Frameworks;
			sourceTree = "<group>";
		};
/* End PBXGroup section */

/* Begin PBXNativeTarget section */
		436C6AFC1C59595E00C4FE10 /* loopback */ = {
			isa = PBXNativeTarget;
			buildConfigurationList = 436C6B041C59595E00C4FE10 /* Build configuration list for PBXNativeTarget "loopback" */;
			buildPhases = (
				436C6AF91C59595E00C4FE10 /* Sources */,
				436C6AFA1C59595E00C4FE10 /* Frameworks */,
			);
			buildRules = (
			);
			dependencies = (
			);
			name = loopback;
			productName = loopback;
			productReference = 436C6AFD1C59595E00C4FE10 /* loopback */;
			productType = "com.apple.product-type.tool";
		};
/* End PBXNativeTarget section */

/* Begin PBXProject section */
		436C6AF51C59595E00C4FE10 /* Project object */ = {
			isa = PBXProject;
			attributes = {
				BuildIndependentTargetsInParallel = YES;
				LastUpgradeCheck = 1500;
				ORGANIZATIONNAME = "Benjamin Fleischer";
				TargetAttributes = {
					436C6AFC1C59595E00C4FE10 = {
						CreatedOnToolsVersion = 7.2;
						ProvisioningStyle = Manual;
					};
				};
			};
			buildConfigurationList = 436C6AF81C59595E00C4FE10 /* Build configuration list for PBXProject "loopback" */;
			compatibilityVersion = "Xcode 3.2";
			developmentRegion = en;
			hasScannedForEncodings = 0;
			knownRegions = (
				en,
				Base,
			);
			mainGroup = 436C6AF41C59595E00C4FE10;
			productRefGroup = 436C6AFE1C59595E00C4FE10 /* Products */;
			projectDirPath = "";
			projectRoot = "";
			targets = (
				436C6AFC1C59595E00C4FE10 /* loopback */,
			);
		};
/* End PBXProject section */

/* Begin PBXSourcesBuildPhase section */
		436C6AF91C59595E00C4FE10 /* Sources */ = {
			isa = PBXSourcesBuildPhase;
			buildActionMask = 2147483647;
			files = (
				436C6B011C59595E00C4FE10 /* loopback.c in Sources */,
			);
			runOnlyForDeploymentPostprocessing = 0;
		};
/* End PBXSourcesBuildPhase section */

/* Begin XCBuildConfiguration section */
		436C6B021C59595E00C4FE10 /* Debug */ = {
			isa = XCBuildConfiguration;
			buildSettings = {
				ALWAYS_SEARCH_USER_PATHS = NO;
				CLANG_ANALYZER_LOCALIZABILITY_NONLOCALIZED = YES;
				CLANG_CXX_LANGUAGE_STANDARD = "gnu++0x";
				CLANG_CXX_LIBRARY = "libc++";
				CLANG_ENABLE_MODULES = YES;
				CLANG_ENABLE_OBJC_ARC = YES;
				CLANG_WARN_BLOCK_CAPTURE_AUTORELEASING = YES;
				CLANG_WARN_BOOL_CONVERSION = YES;
				CLANG_WARN_COMMA = YES;
				CLANG_WARN_CONSTANT_CONVERSION = YES;
				CLANG_WARN_DEPRECATED_OBJC_IMPLEMENTATIONS = YES;
				CLANG_WARN_DIRECT_OBJC_ISA_USAGE = YES_ERROR;
				CLANG_WARN_EMPTY_BODY = YES;
				CLANG_WARN_ENUM_CONVERSION = YES;
				CLANG_WARN_INFINITE_RECURSION = YES;
				CLANG_WARN_INT_CONVERSION = YES;
				CLANG_WARN_NON_LITERAL_NULL_CONVERSION = YES;
				CLANG_WARN_OBJC_IMPLICIT_RETAIN_SELF = YES;
				CLANG_WARN_OBJC_LITERAL_CONVERSION = YES;
				CLANG_WARN_OBJC_ROOT_CLASS = YES_ERROR;
				CLANG_WARN_QUOTED_INCLUDE_IN_FRAMEWORK_HEADER = YES;
				CLANG_WARN_RANGE_LOOP_ANALYSIS = YES;
				CLANG_WARN_STRICT_PROTOTYPES = YES;
				CLANG_WARN_SUSPICIOUS_MOVE = YES;
				CLANG_WARN_UNREACHABLE_CODE = YES;
				CLANG_WARN__DUPLICATE_METHOD_MATCH = YES;
				CODE_SIGN_IDENTITY = "-";
				COPY_PHASE_STRIP = NO;
				DEAD_CODE_STRIPPING = YES;
				DEBUG_INFORMATION_FORMAT = dwarf;
				ENABLE_STRICT_OBJC_MSGSEND = YES;
				ENABLE_TESTABILITY = YES;
				ENABLE_USER_SCRIPT_SANDBOXING = YES;
				GCC_C_LANGUAGE_STANDARD = gnu99;
				GCC_DYNAMIC_NO_PIC = NO;
				GCC_NO_COMMON_BLOCKS = YES;
				GCC_OPTIMIZATION_LEVEL = 0;
				GCC_PREPROCESSOR_DEFINITIONS = (
					"DEBUG=1",
					"$(inherited)",
				);
				GCC_WARN_64_TO_32_BIT_CONVERSION = YES;
				GCC_WARN_ABOUT_RETURN_TYPE = YES_ERROR;
				GCC_WARN_UNDECLARED_SELECTOR = YES;
				GCC_WARN_UNINITIALIZED_AUTOS = YES_AGGRESSIVE;
				GCC_WARN_UNUSED_FUNCTION = YES;
				GCC_WARN_UNUSED_VARIABLE = YES;
				MTL_ENABLE_DEBUG_INFO = YES;
				ONLY_ACTIVE_ARCH = YES;
				SDKROOT = macosx;
			};
			name = Debug;
		};
		436C6B031C59595E00C4FE10 /* Release */ = {
			isa = XCBuildConfiguration;
			buildSettings = {
				ALWAYS_SEARCH_USER_PATHS = NO;
				CLANG_ANALYZER_LOCALIZABILITY_NONLOCALIZED = YES;
				CLANG_CXX_LANGUAGE_STANDARD = "gnu++0x";
				CLANG_CXX_LIBRARY = "libc++";
				CLANG_ENABLE_MODULES = YES;
				CLANG_ENABLE_OBJC_ARC = YES;
				CLANG_WARN_BLOCK_CAPTURE_AUTORELEASING = YES;
				CLANG_WARN_BOOL_CONVERSION = YES;
				CLANG_WARN_COMMA = YES;
				CLANG_WARN_CONSTANT_CONVERSION = YES;
				CLANG_WARN_DEPRECATED_OBJC_IMPLEMENTATIONS = YES;
				CLANG_WARN_DIRECT_OBJC_ISA_USAGE = YES_ERROR;
				CLANG_WARN_EMPTY_BODY = YES;
				CLANG_WARN_ENUM_CONVERSION = YES;
				CLANG_WARN_INFINITE_RECURSION = YES;
				CLANG_WARN_INT_CONVERSION = YES;
				CLANG_WARN_NON_LITERAL_NULL_CONVERSION = YES;
				CLANG_WARN_OBJC_IMPLICIT_RETAIN_SELF = YES;
				CLANG_WARN_OBJC_LITERAL_CONVERSION = YES;
				CLANG_WARN_OBJC_ROOT_CLASS = YES_ERROR;
				CLANG_WARN_QUOTED_INCLUDE_IN_FRAMEWORK_HEADER = YES;
				CLANG_WARN_RANGE_LOOP_ANALYSIS = YES;
				CLANG_WARN_STRICT_PROTOTYPES = YES;
				CLANG_WARN_SUSPICIOUS_MOVE = YES;
				CLANG_WARN_UNREACHABLE_CODE = YES;
				CLANG_WARN__DUPLICATE_METHOD_MATCH = YES;
				CODE_SIGN_IDENTITY = "-";
				COPY_PHASE_STRIP = NO;
				DEAD_CODE_STRIPPING = YES;
				DEBUG_INFORMATION_FORMAT = "dwarf-with-dsym";
				ENABLE_NS_ASSERTIONS = NO;
				ENABLE_STRICT_OBJC_MSGSEND = YES;
				ENABLE_USER_SCRIPT_SANDBOXING = YES;
				GCC_C_LANGUAGE_STANDARD = gnu99;
				GCC_NO_COMMON_BLOCKS = YES;
				GCC_WARN_64_TO_32_BIT_CONVERSION = YES;
				GCC_WARN_ABOUT_RETURN_TYPE = YES_ERROR;
				GCC_WARN_UNDECLARED_SELECTOR = YES;
				GCC_WARN_UNINITIALIZED_AUTOS = YES_AGGRESSIVE;
				GCC_WARN_UNUSED_FUNCTION = YES;
				GCC_WARN_UNUSED_VARIABLE = YES;
				MTL_ENABLE_DEBUG_INFO = NO;
				SDKROOT = macosx;
			};
			name = Release;
		};
		436C6B051C59595E00C4FE10 /* Debug */ = {
			isa = XCBuildConfiguration;
			buildSettings = {
				CODE_SIGN_ENTITLEMENTS = loopback/loopback.entitlements;
				CODE_SIGN_IDENTITY = "-";
				CODE_SIGN_STYLE = Manual;
				DEAD_CODE_STRIPPING = YES;
				DEVELOPMENT_TEAM = "";
				ENABLE_HARDENED_RUNTIME = YES;
				GCC_PREPROCESSOR_DEFINITIONS = (
					"$(inherited)",
					"_FILE_OFFSET_BITS=64",
					_DARWIN_USE_64_BIT_INODE,
				);
				GCC_WARN_64_TO_32_BIT_CONVERSION = NO;
				HEADER_SEARCH_PATHS = "\"/usr/local/include\"";
				LD_RUNPATH_SEARCH_PATHS = "@executable_path/";
				LIBRARY_SEARCH_PATHS = "\"/usr/local/lib\"";
				MACOSX_DEPLOYMENT_TARGET = "$(RECOMMENDED_MACOSX_DEPLOYMENT_TARGET)";
				OTHER_CODE_SIGN_FLAGS = "--timestamp";
				PRODUCT_BUNDLE_IDENTIFIER = "io.macfuse.demo.loopbackfs-c";
				PRODUCT_NAME = "$(TARGET_NAME)";
				PROVISIONING_PROFILE_SPECIFIER = "";
			};
			name = Debug;
		};
		436C6B061C59595E00C4FE10 /* Release */ = {
			isa = XCBuildConfiguration;
			buildSettings = {
				CODE_SIGN_ENTITLEMENTS = loopback/loopback.entitlements;
				CODE_SIGN_IDENTITY = "-";
				CODE_SIGN_STYLE = Manual;
				DEAD_CODE_STRIPPING = YES;
				DEVELOPMENT_TEAM = "";
				ENABLE_HARDENED_RUNTIME = YES;
				GCC_PREPROCESSOR_DEFINITIONS = (
					"$(inherited)",
					"_FILE_OFFSET_BITS=64",
					_DARWIN_USE_64_BIT_INODE,
				);
				GCC_WARN_64_TO_32_BIT_CONVERSION = NO;
				HEADER_SEARCH_PATHS = "\"/usr/local/include\"";
				LD_RUNPATH_SEARCH_PATHS = "@executable_path/";
				LIBRARY_SEARCH_PATHS = "\"/usr/local/lib\"";
				MACOSX_DEPLOYMENT_TARGET = "$(RECOMMENDED_MACOSX_DEPLOYMENT_TARGET)";
				OTHER_CODE_SIGN_FLAGS = "--timestamp";
				PRODUCT_BUNDLE_IDENTIFIER = "io.macfuse.demo.loopbackfs-c";
				PRODUCT_NAME = "$(TARGET_NAME)";
				PROVISIONING_PROFILE_SPECIFIER = "";
			};
			name = Release;
		};
/* End XCBuildConfiguration section */

/* Begin XCConfigurationList section */
		436C6AF81C59595E00C4FE10 /* Build configuration list for PBXProject "loopback" */ = {
			isa = XCConfigurationList;
			buildConfigurations = (
				436C6B021C59595E00C4FE10 /* Debug */,
				436C6B031C59595E00C4FE10 /* Release */,
			);
			defaultConfigurationIsVisible = 0;
			defaultConfigurationName = Release;
		};
		436C6B041C59595E00C4FE10 /* Build configuration list for PBXNativeTarget "loopback" */ = {
			isa = XCConfigurationList;
			buildConfigurations = (
				436C6B051C59595E00C4FE10 /* Debug */,
				436C6B061C59595E00C4FE10 /* Release */,
			);
			defaultConfigurationIsVisible = 0;
			defaultConfigurationName = Release;
		};
/* End XCConfigurationList section */
	};
	rootObject = 436C6AF51C59595E00C4FE10 /* Project object */;
}
