// !$*UTF8*$!
{
	archiveVersion = 1;
	classes = {
	};
	objectVersion = 77;
	objects = {

/* Begin PBXBuildFile section */
		431A53352E96B80200E2E1D9 /* libfuse3.4.dylib in Frameworks */ = {isa = PBXBuildFile; fileRef = 431A53342E96B80200E2E1D9 /* libfuse3.4.dylib */; };
		431A533D2E96BC6200E2E1D9 /* main.c in Sources */ = {isa = PBXBuildFile; fileRef = 431A533B2E96BC6200E2E1D9 /* main.c */; };
		43CB31612E959262003A651F /* AppDelegate.swift in Sources */ = {isa = PBXBuildFile; fileRef = 43CB31582E959262003A651F /* AppDelegate.swift */; };
		43CB31622E959262003A651F /* LoopbackFS.swift in Sources */ = {isa = PBXBuildFile; fileRef = 43CB315B2E959262003A651F /* LoopbackFS.swift */; };
		43CB31632E959262003A651F /* NSError.swift in Sources */ = {isa = PBXBuildFile; fileRef = 43CB315E2E959262003A651F /* NSError.swift */; };
		43CB31652E959262003A651F /* Assets.xcassets in Resources */ = {isa = PBXBuildFile; fileRef = 43CB31592E959262003A651F /* Assets.xcassets */; };
		43CB31672E959262003A651F /* Main.storyboard in Resources */ = {isa = PBXBuildFile; fileRef = 43CB315D2E959262003A651F /* Main.storyboard */; };
		43CB316C2E959389003A651F /* macFUSE.framework in Frameworks */ = {isa = PBXBuildFile; fileRef = 43CB316B2E959389003A651F /* macFUSE.framework */; };
		43CB31912E95A5F2003A651F /* AppDelegate.m in Sources */ = {isa = PBXBuildFile; fileRef = 43CB31882E95A5F2003A651F /* AppDelegate.m */; };
		43CB31922E95A5F2003A651F /* main.m in Sources */ = {isa = PBXBuildFile; fileRef = 43CB318B2E95A5F2003A651F /* main.m */; };
		43CB31942E95A5F2003A651F /* Assets.xcassets in Resources */ = {isa = PBXBuildFile; fileRef = 43CB31892E95A5F2003A651F /* Assets.xcassets */; };
		43CB31952E95A5F2003A651F /* Main.storyboard in Resources */ = {isa = PBXBuildFile; fileRef = 43CB318D2E95A5F2003A651F /* Main.storyboard */; };
		43CB31A12E95D84E003A651F /* LICENSE.txt in Resources */ = {isa = PBXBuildFile; fileRef = 43CB315A2E959262003A651F /* LICENSE.txt */; };
		43CB31A22E95D859003A651F /* LICENSE.txt in Resources */ = {isa = PBXBuildFile; fileRef = 43CB319F2E95D81F003A651F /* LICENSE.txt */; };
		43CB31A32E95D8C8003A651F /* macFUSE.framework in Frameworks */ = {isa = PBXBuildFile; fileRef = 43CB316B2E959389003A651F /* macFUSE.framework */; };
		43CB31A92E95D9A4003A651F /* LoopbackFS.m in Sources */ = {isa = PBXBuildFile; fileRef = 43CB31A82E95D9A3003A651F /* LoopbackFS.m */; };
		43CB31AC2E95DD2A003A651F /* NSError+POSIX.m in Sources */ = {isa = PBXBuildFile; fileRef = 43CB31AB2E95DD29003A651F /* NSError+POSIX.m */; };
		43CB31B52E96AF79003A651F /* main.c in Sources */ = {isa = PBXBuildFile; fileRef = 43CB31B32E96AF79003A651F /* main.c */; };
		43CB31B72E96B0C5003A651F /* libfuse.2.dylib in Frameworks */ = {isa = PBXBuildFile; fileRef = 43CB31B62E96B0C5003A651F /* libfuse.2.dylib */; };
/* End PBXBuildFile section */

/* Begin PBXCopyFilesBuildPhase section */
		431A532B2E96B78C00E2E1D9 /* CopyFiles */ = {
			isa = PBXCopyFilesBuildPhase;
			buildActionMask = 2147483647;
			dstPath = /usr/share/man/man1/;
			dstSubfolderSpec = 0;
			files = (
			);
			runOnlyForDeploymentPostprocessing = 1;
		};
		43CB31322E958ECE003A651F /* CopyFiles */ = {
			isa = PBXCopyFilesBuildPhase;
			buildActionMask = 2147483647;
			dstPath = /usr/share/man/man1/;
			dstSubfolderSpec = 0;
			files = (
			);
			runOnlyForDeploymentPostprocessing = 1;
		};
/* End PBXCopyFilesBuildPhase section */

/* Begin PBXFileReference section */
		431A532D2E96B78C00E2E1D9 /* LoopbackFS-libfuse3-C */ = {isa = PBXFileReference; explicitFileType = "compiled.mach-o.executable"; includeInIndex = 0; path = "LoopbackFS-libfuse3-C"; sourceTree = BUILT_PRODUCTS_DIR; };
		431A53342E96B80200E2E1D9 /* libfuse3.4.dylib */ = {isa = PBXFileReference; lastKnownFileType = "compiled.mach-o.dylib"; name = libfuse3.4.dylib; path = /usr/local/lib/libfuse3.4.dylib; sourceTree = "<absolute>"; };
		431A533A2E96BC6200E2E1D9 /* LoopbackFS.entitlements */ = {isa = PBXFileReference; lastKnownFileType = text.plist.entitlements; path = LoopbackFS.entitlements; sourceTree = "<group>"; };
		431A533B2E96BC6200E2E1D9 /* main.c */ = {isa = PBXFileReference; lastKnownFileType = sourcecode.c.c; path = main.c; sourceTree = "<group>"; };
		431A533E2E96BC7300E2E1D9 /* LICENSE.txt */ = {isa = PBXFileReference; lastKnownFileType = text; path = LICENSE.txt; sourceTree = "<group>"; };
		43CB31342E958ECE003A651F /* LoopbackFS-libfuse2-C */ = {isa = PBXFileReference; explicitFileType = "compiled.mach-o.executable"; includeInIndex = 0; path = "LoopbackFS-libfuse2-C"; sourceTree = BUILT_PRODUCTS_DIR; };
		43CB31422E95904A003A651F /* LoopbackFS-Framework-Swift.app */ = {isa = PBXFileReference; explicitFileType = wrapper.application; includeInIndex = 0; path = "LoopbackFS-Framework-Swift.app"; sourceTree = BUILT_PRODUCTS_DIR; };
		43CB31582E959262003A651F /* AppDelegate.swift */ = {isa = PBXFileReference; lastKnownFileType = sourcecode.swift; path = AppDelegate.swift; sourceTree = "<group>"; };
		43CB31592E959262003A651F /* Assets.xcassets */ = {isa = PBXFileReference; lastKnownFileType = folder.assetcatalog; path = Assets.xcassets; sourceTree = "<group>"; };
		43CB315A2E959262003A651F /* LICENSE.txt */ = {isa = PBXFileReference; lastKnownFileType = text; path = LICENSE.txt; sourceTree = "<group>"; };
		43CB315B2E959262003A651F /* LoopbackFS.swift */ = {isa = PBXFileReference; lastKnownFileType = sourcecode.swift; path = LoopbackFS.swift; sourceTree = "<group>"; };
		43CB315C2E959262003A651F /* Base */ = {isa = PBXFileReference; lastKnownFileType = file.storyboard; name = Base; path = Base.lproj/Main.storyboard; sourceTree = "<group>"; };
		43CB315E2E959262003A651F /* NSError.swift */ = {isa = PBXFileReference; lastKnownFileType = sourcecode.swift; path = NSError.swift; sourceTree = "<group>"; };
		43CB316B2E959389003A651F /* macFUSE.framework */ = {isa = PBXFileReference; lastKnownFileType = wrapper.framework; name = macFUSE.framework; path = /Library/Frameworks/macFUSE.framework; sourceTree = "<absolute>"; };
		43CB316F2E95A2A1003A651F /* LoopbackFS.entitlements */ = {isa = PBXFileReference; lastKnownFileType = text.plist.entitlements; path = LoopbackFS.entitlements; sourceTree = "<group>"; };
		43CB31742E95A579003A651F /* LoopbackFS-Framework-ObjC.app */ = {isa = PBXFileReference; explicitFileType = wrapper.application; includeInIndex = 0; path = "LoopbackFS-Framework-ObjC.app"; sourceTree = BUILT_PRODUCTS_DIR; };
		43CB31872E95A5F2003A651F /* AppDelegate.h */ = {isa = PBXFileReference; lastKnownFileType = sourcecode.c.h; path = AppDelegate.h; sourceTree = "<group>"; };
		43CB31882E95A5F2003A651F /* AppDelegate.m */ = {isa = PBXFileReference; lastKnownFileType = sourcecode.c.objc; path = AppDelegate.m; sourceTree = "<group>"; };
		43CB31892E95A5F2003A651F /* Assets.xcassets */ = {isa = PBXFileReference; lastKnownFileType = folder.assetcatalog; path = Assets.xcassets; sourceTree = "<group>"; };
		43CB318A2E95A5F2003A651F /* LoopbackFS.entitlements */ = {isa = PBXFileReference; lastKnownFileType = text.plist.entitlements; path = LoopbackFS.entitlements; sourceTree = "<group>"; };
		43CB318B2E95A5F2003A651F /* main.m */ = {isa = PBXFileReference; lastKnownFileType = sourcecode.c.objc; path = main.m; sourceTree = "<group>"; };
		43CB318C2E95A5F2003A651F /* Base */ = {isa = PBXFileReference; lastKnownFileType = file.storyboard; name = Base; path = Base.lproj/Main.storyboard; sourceTree = "<group>"; };
		43CB319F2E95D81F003A651F /* LICENSE.txt */ = {isa = PBXFileReference; lastKnownFileType = text; path = LICENSE.txt; sourceTree = "<group>"; };
		43CB31A62E95D994003A651F /* LoopbackFS.h */ = {isa = PBXFileReference; lastKnownFileType = sourcecode.c.h; path = LoopbackFS.h; sourceTree = "<group>"; };
		43CB31A82E95D9A3003A651F /* LoopbackFS.m */ = {isa = PBXFileReference; lastKnownFileType = sourcecode.c.objc; path = LoopbackFS.m; sourceTree = "<group>"; };
		43CB31AA2E95DD21003A651F /* NSError+POSIX.h */ = {isa = PBXFileReference; lastKnownFileType = sourcecode.c.h; path = "NSError+POSIX.h"; sourceTree = "<group>"; };
		43CB31AB2E95DD29003A651F /* NSError+POSIX.m */ = {isa = PBXFileReference; lastKnownFileType = sourcecode.c.objc; path = "NSError+POSIX.m"; sourceTree = "<group>"; };
		43CB31B12E96AF79003A651F /* LICENSE.txt */ = {isa = PBXFileReference; lastKnownFileType = text; path = LICENSE.txt; sourceTree = "<group>"; };
		43CB31B22E96AF79003A651F /* LoopbackFS.entitlements */ = {isa = PBXFileReference; lastKnownFileType = text.plist.entitlements; path = LoopbackFS.entitlements; sourceTree = "<group>"; };
		43CB31B32E96AF79003A651F /* main.c */ = {isa = PBXFileReference; lastKnownFileType = sourcecode.c.c; path = main.c; sourceTree = "<group>"; };
		43CB31B62E96B0C5003A651F /* libfuse.2.dylib */ = {isa = PBXFileReference; lastKnownFileType = "compiled.mach-o.dylib"; name = libfuse.2.dylib; path = /usr/local/lib/libfuse.2.dylib; sourceTree = "<absolute>"; };
/* End PBXFileReference section */

/* Begin PBXFrameworksBuildPhase section */
		431A532A2E96B78C00E2E1D9 /* Frameworks */ = {
			isa = PBXFrameworksBuildPhase;
			buildActionMask = 2147483647;
			files = (
				431A53352E96B80200E2E1D9 /* libfuse3.4.dylib in Frameworks */,
			);
			runOnlyForDeploymentPostprocessing = 0;
		};
		43CB31312E958ECE003A651F /* Frameworks */ = {
			isa = PBXFrameworksBuildPhase;
			buildActionMask = 2147483647;
			files = (
				43CB31B72E96B0C5003A651F /* libfuse.2.dylib in Frameworks */,
			);
			runOnlyForDeploymentPostprocessing = 0;
		};
		43CB313F2E95904A003A651F /* Frameworks */ = {
			isa = PBXFrameworksBuildPhase;
			buildActionMask = 2147483647;
			files = (
				43CB316C2E959389003A651F /* macFUSE.framework in Frameworks */,
			);
			runOnlyForDeploymentPostprocessing = 0;
		};
		43CB31712E95A579003A651F /* Frameworks */ = {
			isa = PBXFrameworksBuildPhase;
			buildActionMask = 2147483647;
			files = (
				43CB31A32E95D8C8003A651F /* macFUSE.framework in Frameworks */,
			);
			runOnlyForDeploymentPostprocessing = 0;
		};
/* End PBXFrameworksBuildPhase section */

/* Begin PBXGroup section */
		431A533C2E96BC6200E2E1D9 /* LoopbackFS-libfuse3-C */ = {
			isa = PBXGroup;
			children = (
				431A533B2E96BC6200E2E1D9 /* main.c */,
				431A533E2E96BC7300E2E1D9 /* LICENSE.txt */,
				431A533A2E96BC6200E2E1D9 /* LoopbackFS.entitlements */,
			);
			path = "LoopbackFS-libfuse3-C";
			sourceTree = "<group>";
		};
		43CB312B2E958ECE003A651F = {
			isa = PBXGroup;
			children = (
				43CB31B42E96AF79003A651F /* LoopbackFS-libfuse2-C */,
				431A533C2E96BC6200E2E1D9 /* LoopbackFS-libfuse3-C */,
				43CB31602E959262003A651F /* LoopbackFS-Framework-Swift */,
				43CB31902E95A5F2003A651F /* LoopbackFS-Framework-ObjC */,
				43CB316A2E959389003A651F /* Frameworks */,
				43CB31352E958ECE003A651F /* Products */,
			);
			sourceTree = "<group>";
		};
		43CB31352E958ECE003A651F /* Products */ = {
			isa = PBXGroup;
			children = (
				43CB31342E958ECE003A651F /* LoopbackFS-libfuse2-C */,
				43CB31422E95904A003A651F /* LoopbackFS-Framework-Swift.app */,
				43CB31742E95A579003A651F /* LoopbackFS-Framework-ObjC.app */,
				431A532D2E96B78C00E2E1D9 /* LoopbackFS-libfuse3-C */,
			);
			name = Products;
			sourceTree = "<group>";
		};
		43CB31602E959262003A651F /* LoopbackFS-Framework-Swift */ = {
			isa = PBXGroup;
			children = (
				43CB31682E9592B0003A651F /* Extensions */,
				43CB31582E959262003A651F /* AppDelegate.swift */,
				43CB315B2E959262003A651F /* LoopbackFS.swift */,
				43CB31592E959262003A651F /* Assets.xcassets */,
				43CB315A2E959262003A651F /* LICENSE.txt */,
				43CB316F2E95A2A1003A651F /* LoopbackFS.entitlements */,
				43CB315D2E959262003A651F /* Main.storyboard */,
			);
			path = "LoopbackFS-Framework-Swift";
			sourceTree = "<group>";
		};
		43CB31682E9592B0003A651F /* Extensions */ = {
			isa = PBXGroup;
			children = (
				43CB31692E95930E003A651F /* Foundation */,
			);
			path = Extensions;
			sourceTree = "<group>";
		};
		43CB31692E95930E003A651F /* Foundation */ = {
			isa = PBXGroup;
			children = (
				43CB315E2E959262003A651F /* NSError.swift */,
			);
			path = Foundation;
			sourceTree = "<group>";
		};
		43CB316A2E959389003A651F /* Frameworks */ = {
			isa = PBXGroup;
			children = (
				43CB31B62E96B0C5003A651F /* libfuse.2.dylib */,
				431A53342E96B80200E2E1D9 /* libfuse3.4.dylib */,
				43CB316B2E959389003A651F /* macFUSE.framework */,
			);
			name = Frameworks;
			sourceTree = "<group>";
		};
		43CB31902E95A5F2003A651F /* LoopbackFS-Framework-ObjC */ = {
			isa = PBXGroup;
			children = (
				43CB31AD2E95DE91003A651F /* Extensions */,
				43CB31872E95A5F2003A651F /* AppDelegate.h */,
				43CB31882E95A5F2003A651F /* AppDelegate.m */,
				43CB31A62E95D994003A651F /* LoopbackFS.h */,
				43CB31A82E95D9A3003A651F /* LoopbackFS.m */,
				43CB318B2E95A5F2003A651F /* main.m */,
				43CB31892E95A5F2003A651F /* Assets.xcassets */,
				43CB319F2E95D81F003A651F /* LICENSE.txt */,
				43CB318A2E95A5F2003A651F /* LoopbackFS.entitlements */,
				43CB318D2E95A5F2003A651F /* Main.storyboard */,
			);
			path = "LoopbackFS-Framework-ObjC";
			sourceTree = "<group>";
		};
		43CB31AD2E95DE91003A651F /* Extensions */ = {
			isa = PBXGroup;
			children = (
				43CB31AE2E95DE9B003A651F /* Foundation */,
			);
			path = Extensions;
			sourceTree = "<group>";
		};
		43CB31AE2E95DE9B003A651F /* Foundation */ = {
			isa = PBXGroup;
			children = (
				43CB31AB2E95DD29003A651F /* NSError+POSIX.m */,
				43CB31AA2E95DD21003A651F /* NSError+POSIX.h */,
			);
			path = Foundation;
			sourceTree = "<group>";
		};
		43CB31B42E96AF79003A651F /* LoopbackFS-libfuse2-C */ = {
			isa = PBXGroup;
			children = (
				43CB31B32E96AF79003A651F /* main.c */,
				43CB31B12E96AF79003A651F /* LICENSE.txt */,
				43CB31B22E96AF79003A651F /* LoopbackFS.entitlements */,
			);
			path = "LoopbackFS-libfuse2-C";
			sourceTree = "<group>";
		};
/* End PBXGroup section */

/* Begin PBXNativeTarget section */
		431A532C2E96B78C00E2E1D9 /* LoopbackFS-libfuse3-C */ = {
			isa = PBXNativeTarget;
			buildConfigurationList = 431A53332E96B78C00E2E1D9 /* Build configuration list for PBXNativeTarget "LoopbackFS-libfuse3-C" */;
			buildPhases = (
				431A53292E96B78C00E2E1D9 /* Sources */,
				431A532A2E96B78C00E2E1D9 /* Frameworks */,
				431A532B2E96B78C00E2E1D9 /* CopyFiles */,
			);
			buildRules = (
			);
			dependencies = (
			);
			name = "LoopbackFS-libfuse3-C";
			packageProductDependencies = (
			);
			productName = "LoopbackFS-libfuse3-C";
			productReference = 431A532D2E96B78C00E2E1D9 /* LoopbackFS-libfuse3-C */;
			productType = "com.apple.product-type.tool";
		};
		43CB31332E958ECE003A651F /* LoopbackFS-libfuse2-C */ = {
			isa = PBXNativeTarget;
			buildConfigurationList = 43CB313B2E958ECE003A651F /* Build configuration list for PBXNativeTarget "LoopbackFS-libfuse2-C" */;
			buildPhases = (
				43CB31302E958ECE003A651F /* Sources */,
				43CB31312E958ECE003A651F /* Frameworks */,
				43CB31322E958ECE003A651F /* CopyFiles */,
			);
			buildRules = (
			);
			dependencies = (
			);
			name = "LoopbackFS-libfuse2-C";
			packageProductDependencies = (
			);
			productName = LoopbackFS;
			productReference = 43CB31342E958ECE003A651F /* LoopbackFS-libfuse2-C */;
			productType = "com.apple.product-type.tool";
		};
		43CB31412E95904A003A651F /* LoopbackFS-Framework-Swift */ = {
			isa = PBXNativeTarget;
			buildConfigurationList = 43CB314D2E95904B003A651F /* Build configuration list for PBXNativeTarget "LoopbackFS-Framework-Swift" */;
			buildPhases = (
				43CB313E2E95904A003A651F /* Sources */,
				43CB313F2E95904A003A651F /* Frameworks */,
				43CB31402E95904A003A651F /* Resources */,
			);
			buildRules = (
			);
			dependencies = (
			);
			name = "LoopbackFS-Framework-Swift";
			packageProductDependencies = (
			);
			productName = "LoopbackFS-framework-Swift";
			productReference = 43CB31422E95904A003A651F /* LoopbackFS-Framework-Swift.app */;
			productType = "com.apple.product-type.application";
		};
		43CB31732E95A579003A651F /* LoopbackFS-Framework-ObjC */ = {
			isa = PBXNativeTarget;
			buildConfigurationList = 43CB31832E95A57A003A651F /* Build configuration list for PBXNativeTarget "LoopbackFS-Framework-ObjC" */;
			buildPhases = (
				43CB31702E95A579003A651F /* Sources */,
				43CB31712E95A579003A651F /* Frameworks */,
				43CB31722E95A579003A651F /* Resources */,
			);
			buildRules = (
			);
			dependencies = (
			);
			name = "LoopbackFS-Framework-ObjC";
			packageProductDependencies = (
			);
			productName = "LoopbackFS-Framework-ObjC";
			productReference = 43CB31742E95A579003A651F /* LoopbackFS-Framework-ObjC.app */;
			productType = "com.apple.product-type.application";
		};
/* End PBXNativeTarget section */

/* Begin PBXProject section */
		43CB312C2E958ECE003A651F /* Project object */ = {
			isa = PBXProject;
			attributes = {
				BuildIndependentTargetsInParallel = 1;
				LastSwiftUpdateCheck = 2600;
				LastUpgradeCheck = 2600;
				TargetAttributes = {
					431A532C2E96B78C00E2E1D9 = {
						CreatedOnToolsVersion = 26.0.1;
					};
					43CB31332E958ECE003A651F = {
						CreatedOnToolsVersion = 26.0.1;
					};
					43CB31412E95904A003A651F = {
						CreatedOnToolsVersion = 26.0.1;
					};
					43CB31732E95A579003A651F = {
						CreatedOnToolsVersion = 26.0.1;
					};
				};
			};
			buildConfigurationList = 43CB312F2E958ECE003A651F /* Build configuration list for PBXProject "LoopbackFS" */;
			developmentRegion = en;
			hasScannedForEncodings = 0;
			knownRegions = (
				en,
				Base,
			);
			mainGroup = 43CB312B2E958ECE003A651F;
			minimizedProjectReferenceProxies = 1;
			preferredProjectObjectVersion = 77;
			productRefGroup = 43CB31352E958ECE003A651F /* Products */;
			projectDirPath = "";
			projectRoot = "";
			targets = (
				43CB31332E958ECE003A651F /* LoopbackFS-libfuse2-C */,
				431A532C2E96B78C00E2E1D9 /* LoopbackFS-libfuse3-C */,
				43CB31412E95904A003A651F /* LoopbackFS-Framework-Swift */,
				43CB31732E95A579003A651F /* LoopbackFS-Framework-ObjC */,
			);
		};
/* End PBXProject section */

/* Begin PBXResourcesBuildPhase section */
		43CB31402E95904A003A651F /* Resources */ = {
			isa = PBXResourcesBuildPhase;
			buildActionMask = 2147483647;
			files = (
				43CB31652E959262003A651F /* Assets.xcassets in Resources */,
				43CB31672E959262003A651F /* Main.storyboard in Resources */,
				43CB31A12E95D84E003A651F /* LICENSE.txt in Resources */,
			);
			runOnlyForDeploymentPostprocessing = 0;
		};
		43CB31722E95A579003A651F /* Resources */ = {
			isa = PBXResourcesBuildPhase;
			buildActionMask = 2147483647;
			files = (
				43CB31942E95A5F2003A651F /* Assets.xcassets in Resources */,
				43CB31952E95A5F2003A651F /* Main.storyboard in Resources */,
				43CB31A22E95D859003A651F /* LICENSE.txt in Resources */,
			);
			runOnlyForDeploymentPostprocessing = 0;
		};
/* End PBXResourcesBuildPhase section */

/* Begin PBXSourcesBuildPhase section */
		431A53292E96B78C00E2E1D9 /* Sources */ = {
			isa = PBXSourcesBuildPhase;
			buildActionMask = 2147483647;
			files = (
				431A533D2E96BC6200E2E1D9 /* main.c in Sources */,
			);
			runOnlyForDeploymentPostprocessing = 0;
		};
		43CB31302E958ECE003A651F /* Sources */ = {
			isa = PBXSourcesBuildPhase;
			buildActionMask = 2147483647;
			files = (
				43CB31B52E96AF79003A651F /* main.c in Sources */,
			);
			runOnlyForDeploymentPostprocessing = 0;
		};
		43CB313E2E95904A003A651F /* Sources */ = {
			isa = PBXSourcesBuildPhase;
			buildActionMask = 2147483647;
			files = (
				43CB31612E959262003A651F /* AppDelegate.swift in Sources */,
				43CB31622E959262003A651F /* LoopbackFS.swift in Sources */,
				43CB31632E959262003A651F /* NSError.swift in Sources */,
			);
			runOnlyForDeploymentPostprocessing = 0;
		};
		43CB31702E95A579003A651F /* Sources */ = {
			isa = PBXSourcesBuildPhase;
			buildActionMask = 2147483647;
			files = (
				43CB31912E95A5F2003A651F /* AppDelegate.m in Sources */,
				43CB31922E95A5F2003A651F /* main.m in Sources */,
				43CB31A92E95D9A4003A651F /* LoopbackFS.m in Sources */,
				43CB31AC2E95DD2A003A651F /* NSError+POSIX.m in Sources */,
			);
			runOnlyForDeploymentPostprocessing = 0;
		};
/* End PBXSourcesBuildPhase section */

/* Begin PBXVariantGroup section */
		43CB315D2E959262003A651F /* Main.storyboard */ = {
			isa = PBXVariantGroup;
			children = (
				43CB315C2E959262003A651F /* Base */,
			);
			name = Main.storyboard;
			sourceTree = "<group>";
		};
		43CB318D2E95A5F2003A651F /* Main.storyboard */ = {
			isa = PBXVariantGroup;
			children = (
				43CB318C2E95A5F2003A651F /* Base */,
			);
			name = Main.storyboard;
			sourceTree = "<group>";
		};
/* End PBXVariantGroup section */

/* Begin XCBuildConfiguration section */
		431A53312E96B78C00E2E1D9 /* Debug */ = {
			isa = XCBuildConfiguration;
			buildSettings = {
				CODE_SIGN_ENTITLEMENTS = "LoopbackFS-libfuse3-C/LoopbackFS.entitlements";
				CODE_SIGN_STYLE = Automatic;
				DEVELOPMENT_TEAM = 3T5GSNBU6W;
				ENABLE_HARDENED_RUNTIME = YES;
				HEADER_SEARCH_PATHS = /usr/local/include;
				LIBRARY_SEARCH_PATHS = /usr/local/lib;
				PRODUCT_NAME = "$(TARGET_NAME)";
			};
			name = Debug;
		};
		431A53322E96B78C00E2E1D9 /* Release */ = {
			isa = XCBuildConfiguration;
			buildSettings = {
				CODE_SIGN_ENTITLEMENTS = "LoopbackFS-libfuse3-C/LoopbackFS.entitlements";
				CODE_SIGN_STYLE = Automatic;
				DEVELOPMENT_TEAM = 3T5GSNBU6W;
				ENABLE_HARDENED_RUNTIME = YES;
				HEADER_SEARCH_PATHS = /usr/local/include;
				LIBRARY_SEARCH_PATHS = /usr/local/lib;
				PRODUCT_NAME = "$(TARGET_NAME)";
			};
			name = Release;
		};
		43CB31392E958ECE003A651F /* Debug */ = {
			isa = XCBuildConfiguration;
			buildSettings = {
				ALWAYS_SEARCH_USER_PATHS = NO;
				ASSETCATALOG_COMPILER_GENERATE_SWIFT_ASSET_SYMBOL_EXTENSIONS = YES;
				CLANG_ANALYZER_NONNULL = YES;
				CLANG_ANALYZER_NUMBER_OBJECT_CONVERSION = YES_AGGRESSIVE;
				CLANG_CXX_LANGUAGE_STANDARD = "gnu++20";
				CLANG_ENABLE_MODULES = YES;
				CLANG_ENABLE_OBJC_ARC = YES;
				CLANG_ENABLE_OBJC_WEAK = YES;
				CLANG_WARN_BLOCK_CAPTURE_AUTORELEASING = YES;
				CLANG_WARN_BOOL_CONVERSION = YES;
				CLANG_WARN_COMMA = YES;
				CLANG_WARN_CONSTANT_CONVERSION = YES;
				CLANG_WARN_DEPRECATED_OBJC_IMPLEMENTATIONS = YES;
				CLANG_WARN_DIRECT_OBJC_ISA_USAGE = YES_ERROR;
				CLANG_WARN_DOCUMENTATION_COMMENTS = YES;
				CLANG_WARN_EMPTY_BODY = YES;
				CLANG_WARN_ENUM_CONVERSION = YES;
				CLANG_WARN_INFINITE_RECURSION = YES;
				CLANG_WARN_INT_CONVERSION = YES;
				CLANG_WARN_NON_LITERAL_NULL_CONVERSION = YES;
				CLANG_WARN_OBJC_IMPLICIT_RETAIN_SELF = YES;
				CLANG_WARN_OBJC_LITERAL_CONVERSION = YES;
				CLANG_WARN_OBJC_ROOT_CLASS = YES_ERROR;
				CLANG_WARN_QUOTED_INCLUDE_IN_FRAMEWORK_HEADER = YES;
				CLANG_WARN_RANGE_LOOP_ANALYSIS = YES;
				CLANG_WARN_STRICT_PROTOTYPES = YES;
				CLANG_WARN_SUSPICIOUS_MOVE = YES;
				CLANG_WARN_UNGUARDED_AVAILABILITY = YES_AGGRESSIVE;
				CLANG_WARN_UNREACHABLE_CODE = YES;
				CLANG_WARN__DUPLICATE_METHOD_MATCH = YES;
				COPY_PHASE_STRIP = NO;
				DEBUG_INFORMATION_FORMAT = dwarf;
				DEVELOPMENT_TEAM = 3T5GSNBU6W;
				ENABLE_STRICT_OBJC_MSGSEND = YES;
				ENABLE_TESTABILITY = YES;
				ENABLE_USER_SCRIPT_SANDBOXING = YES;
				GCC_C_LANGUAGE_STANDARD = gnu17;
				GCC_DYNAMIC_NO_PIC = NO;
				GCC_NO_COMMON_BLOCKS = YES;
				GCC_OPTIMIZATION_LEVEL = 0;
				GCC_PREPROCESSOR_DEFINITIONS = (
					"DEBUG=1",
					"$(inherited)",
				);
				GCC_WARN_64_TO_32_BIT_CONVERSION = YES;
				GCC_WARN_ABOUT_RETURN_TYPE = YES_ERROR;
				GCC_WARN_UNDECLARED_SELECTOR = YES;
				GCC_WARN_UNINITIALIZED_AUTOS = YES_AGGRESSIVE;
				GCC_WARN_UNUSED_FUNCTION = YES;
				GCC_WARN_UNUSED_VARIABLE = YES;
				LOCALIZATION_PREFERS_STRING_CATALOGS = YES;
				MACOSX_DEPLOYMENT_TARGET = 12.0;
				MTL_ENABLE_DEBUG_INFO = INCLUDE_SOURCE;
				MTL_FAST_MATH = YES;
				ONLY_ACTIVE_ARCH = YES;
				SDKROOT = macosx;
			};
			name = Debug;
		};
		43CB313A2E958ECE003A651F /* Release */ = {
			isa = XCBuildConfiguration;
			buildSettings = {
				ALWAYS_SEARCH_USER_PATHS = NO;
				ASSETCATALOG_COMPILER_GENERATE_SWIFT_ASSET_SYMBOL_EXTENSIONS = YES;
				CLANG_ANALYZER_NONNULL = YES;
				CLANG_ANALYZER_NUMBER_OBJECT_CONVERSION = YES_AGGRESSIVE;
				CLANG_CXX_LANGUAGE_STANDARD = "gnu++20";
				CLANG_ENABLE_MODULES = YES;
				CLANG_ENABLE_OBJC_ARC = YES;
				CLANG_ENABLE_OBJC_WEAK = YES;
				CLANG_WARN_BLOCK_CAPTURE_AUTORELEASING = YES;
				CLANG_WARN_BOOL_CONVERSION = YES;
				CLANG_WARN_COMMA = YES;
				CLANG_WARN_CONSTANT_CONVERSION = YES;
				CLANG_WARN_DEPRECATED_OBJC_IMPLEMENTATIONS = YES;
				CLANG_WARN_DIRECT_OBJC_ISA_USAGE = YES_ERROR;
				CLANG_WARN_DOCUMENTATION_COMMENTS = YES;
				CLANG_WARN_EMPTY_BODY = YES;
				CLANG_WARN_ENUM_CONVERSION = YES;
				CLANG_WARN_INFINITE_RECURSION = YES;
				CLANG_WARN_INT_CONVERSION = YES;
				CLANG_WARN_NON_LITERAL_NULL_CONVERSION = YES;
				CLANG_WARN_OBJC_IMPLICIT_RETAIN_SELF = YES;
				CLANG_WARN_OBJC_LITERAL_CONVERSION = YES;
				CLANG_WARN_OBJC_ROOT_CLASS = YES_ERROR;
				CLANG_WARN_QUOTED_INCLUDE_IN_FRAMEWORK_HEADER = YES;
				CLANG_WARN_RANGE_LOOP_ANALYSIS = YES;
				CLANG_WARN_STRICT_PROTOTYPES = YES;
				CLANG_WARN_SUSPICIOUS_MOVE = YES;
				CLANG_WARN_UNGUARDED_AVAILABILITY = YES_AGGRESSIVE;
				CLANG_WARN_UNREACHABLE_CODE = YES;
				CLANG_WARN__DUPLICATE_METHOD_MATCH = YES;
				COPY_PHASE_STRIP = NO;
				DEBUG_INFORMATION_FORMAT = "dwarf-with-dsym";
				DEVELOPMENT_TEAM = 3T5GSNBU6W;
				ENABLE_NS_ASSERTIONS = NO;
				ENABLE_STRICT_OBJC_MSGSEND = YES;
				ENABLE_USER_SCRIPT_SANDBOXING = YES;
				GCC_C_LANGUAGE_STANDARD = gnu17;
				GCC_NO_COMMON_BLOCKS = YES;
				GCC_WARN_64_TO_32_BIT_CONVERSION = YES;
				GCC_WARN_ABOUT_RETURN_TYPE = YES_ERROR;
				GCC_WARN_UNDECLARED_SELECTOR = YES;
				GCC_WARN_UNINITIALIZED_AUTOS = YES_AGGRESSIVE;
				GCC_WARN_UNUSED_FUNCTION = YES;
				GCC_WARN_UNUSED_VARIABLE = YES;
				LOCALIZATION_PREFERS_STRING_CATALOGS = YES;
				MACOSX_DEPLOYMENT_TARGET = 12.0;
				MTL_ENABLE_DEBUG_INFO = NO;
				MTL_FAST_MATH = YES;
				SDKROOT = macosx;
			};
			name = Release;
		};
		43CB313C2E958ECE003A651F /* Debug */ = {
			isa = XCBuildConfiguration;
			buildSettings = {
				CODE_SIGN_ENTITLEMENTS = "LoopbackFS-libfuse2-C/LoopbackFS.entitlements";
				CODE_SIGN_STYLE = Manual;
				DEVELOPMENT_TEAM = "";
				ENABLE_HARDENED_RUNTIME = YES;
				GCC_PREPROCESSOR_DEFINITIONS = (
					"$(inherited)",
					"_FILE_OFFSET_BITS=64",
				);
				HEADER_SEARCH_PATHS = /usr/local/include;
				LIBRARY_SEARCH_PATHS = /usr/local/lib;
				PRODUCT_NAME = "$(TARGET_NAME)";
				PROVISIONING_PROFILE_SPECIFIER = "";
			};
			name = Debug;
		};
		43CB313D2E958ECE003A651F /* Release */ = {
			isa = XCBuildConfiguration;
			buildSettings = {
				CODE_SIGN_ENTITLEMENTS = "LoopbackFS-libfuse2-C/LoopbackFS.entitlements";
				CODE_SIGN_STYLE = Manual;
				DEVELOPMENT_TEAM = "";
				ENABLE_HARDENED_RUNTIME = YES;
				GCC_PREPROCESSOR_DEFINITIONS = (
					"$(inherited)",
					"_FILE_OFFSET_BITS=64",
				);
				HEADER_SEARCH_PATHS = /usr/local/include;
				LIBRARY_SEARCH_PATHS = /usr/local/lib;
				PRODUCT_NAME = "$(TARGET_NAME)";
				PROVISIONING_PROFILE_SPECIFIER = "";
			};
			name = Release;
		};
		43CB314E2E95904B003A651F /* Debug */ = {
			isa = XCBuildConfiguration;
			buildSettings = {
				ASSETCATALOG_COMPILER_APPICON_NAME = AppIcon;
				ASSETCATALOG_COMPILER_GLOBAL_ACCENT_COLOR_NAME = AccentColor;
				AUTOMATION_APPLE_EVENTS = NO;
				CODE_SIGN_ENTITLEMENTS = "LoopbackFS-Framework-Swift/LoopbackFS.entitlements";
				CODE_SIGN_STYLE = Manual;
				COMBINE_HIDPI_IMAGES = YES;
				CURRENT_PROJECT_VERSION = 1;
				DEVELOPMENT_TEAM = "";
				ENABLE_APP_SANDBOX = NO;
				ENABLE_HARDENED_RUNTIME = YES;
				ENABLE_RESOURCE_ACCESS_AUDIO_INPUT = NO;
				ENABLE_RESOURCE_ACCESS_CALENDARS = NO;
				ENABLE_RESOURCE_ACCESS_CAMERA = NO;
				ENABLE_RESOURCE_ACCESS_CONTACTS = NO;
				ENABLE_RESOURCE_ACCESS_LOCATION = NO;
				ENABLE_RESOURCE_ACCESS_PHOTO_LIBRARY = NO;
				FRAMEWORK_SEARCH_PATHS = (
					"$(inherited)",
					"$(LOCAL_LIBRARY_DIR)/Frameworks",
				);
				GENERATE_INFOPLIST_FILE = YES;
				INFOPLIST_KEY_CFBundleDisplayName = LoopbackFS;
				INFOPLIST_KEY_NSHumanReadableCopyright = "";
				INFOPLIST_KEY_NSMainStoryboardFile = Main;
				INFOPLIST_KEY_NSPrincipalClass = NSApplication;
				LD_RUNPATH_SEARCH_PATHS = (
					"$(inherited)",
					"@executable_path/../Frameworks",
				);
				MARKETING_VERSION = 1.0;
				PRODUCT_BUNDLE_IDENTIFIER = "io.macfuse.demo.loopbackfs-framework-swift";
				PRODUCT_NAME = "$(TARGET_NAME)";
				PROVISIONING_PROFILE_SPECIFIER = "";
				REGISTER_APP_GROUPS = YES;
				RUNTIME_EXCEPTION_ALLOW_DYLD_ENVIRONMENT_VARIABLES = NO;
				RUNTIME_EXCEPTION_ALLOW_JIT = NO;
				RUNTIME_EXCEPTION_ALLOW_UNSIGNED_EXECUTABLE_MEMORY = NO;
				RUNTIME_EXCEPTION_DEBUGGING_TOOL = NO;
				RUNTIME_EXCEPTION_DISABLE_EXECUTABLE_PAGE_PROTECTION = NO;
				RUNTIME_EXCEPTION_DISABLE_LIBRARY_VALIDATION = YES;
				STRING_CATALOG_GENERATE_SYMBOLS = YES;
				SWIFT_ACTIVE_COMPILATION_CONDITIONS = "DEBUG $(inherited)";
				SWIFT_APPROACHABLE_CONCURRENCY = YES;
				SWIFT_DEFAULT_ACTOR_ISOLATION = MainActor;
				SWIFT_EMIT_LOC_STRINGS = YES;
				SWIFT_OPTIMIZATION_LEVEL = "-Onone";
				SWIFT_UPCOMING_FEATURE_MEMBER_IMPORT_VISIBILITY = YES;
				SWIFT_VERSION = 5.0;
			};
			name = Debug;
		};
		43CB314F2E95904B003A651F /* Release */ = {
			isa = XCBuildConfiguration;
			buildSettings = {
				ASSETCATALOG_COMPILER_APPICON_NAME = AppIcon;
				ASSETCATALOG_COMPILER_GLOBAL_ACCENT_COLOR_NAME = AccentColor;
				AUTOMATION_APPLE_EVENTS = NO;
				CODE_SIGN_ENTITLEMENTS = "LoopbackFS-Framework-Swift/LoopbackFS.entitlements";
				CODE_SIGN_STYLE = Manual;
				COMBINE_HIDPI_IMAGES = YES;
				CURRENT_PROJECT_VERSION = 1;
				DEVELOPMENT_TEAM = "";
				ENABLE_APP_SANDBOX = NO;
				ENABLE_HARDENED_RUNTIME = YES;
				ENABLE_RESOURCE_ACCESS_AUDIO_INPUT = NO;
				ENABLE_RESOURCE_ACCESS_CALENDARS = NO;
				ENABLE_RESOURCE_ACCESS_CAMERA = NO;
				ENABLE_RESOURCE_ACCESS_CONTACTS = NO;
				ENABLE_RESOURCE_ACCESS_LOCATION = NO;
				ENABLE_RESOURCE_ACCESS_PHOTO_LIBRARY = NO;
				FRAMEWORK_SEARCH_PATHS = (
					"$(inherited)",
					"$(LOCAL_LIBRARY_DIR)/Frameworks",
				);
				GENERATE_INFOPLIST_FILE = YES;
				INFOPLIST_KEY_CFBundleDisplayName = LoopbackFS;
				INFOPLIST_KEY_NSHumanReadableCopyright = "";
				INFOPLIST_KEY_NSMainStoryboardFile = Main;
				INFOPLIST_KEY_NSPrincipalClass = NSApplication;
				LD_RUNPATH_SEARCH_PATHS = (
					"$(inherited)",
					"@executable_path/../Frameworks",
				);
				MARKETING_VERSION = 1.0;
				PRODUCT_BUNDLE_IDENTIFIER = "io.macfuse.demo.loopbackfs-framework-swift";
				PRODUCT_NAME = "$(TARGET_NAME)";
				PROVISIONING_PROFILE_SPECIFIER = "";
				REGISTER_APP_GROUPS = YES;
				RUNTIME_EXCEPTION_ALLOW_DYLD_ENVIRONMENT_VARIABLES = NO;
				RUNTIME_EXCEPTION_ALLOW_JIT = NO;
				RUNTIME_EXCEPTION_ALLOW_UNSIGNED_EXECUTABLE_MEMORY = NO;
				RUNTIME_EXCEPTION_DEBUGGING_TOOL = NO;
				RUNTIME_EXCEPTION_DISABLE_EXECUTABLE_PAGE_PROTECTION = NO;
				RUNTIME_EXCEPTION_DISABLE_LIBRARY_VALIDATION = YES;
				STRING_CATALOG_GENERATE_SYMBOLS = YES;
				SWIFT_APPROACHABLE_CONCURRENCY = YES;
				SWIFT_COMPILATION_MODE = wholemodule;
				SWIFT_DEFAULT_ACTOR_ISOLATION = MainActor;
				SWIFT_EMIT_LOC_STRINGS = YES;
				SWIFT_UPCOMING_FEATURE_MEMBER_IMPORT_VISIBILITY = YES;
				SWIFT_VERSION = 5.0;
			};
			name = Release;
		};
		43CB31842E95A57A003A651F /* Debug */ = {
			isa = XCBuildConfiguration;
			buildSettings = {
				ASSETCATALOG_COMPILER_APPICON_NAME = AppIcon;
				ASSETCATALOG_COMPILER_GLOBAL_ACCENT_COLOR_NAME = AccentColor;
				CODE_SIGN_ENTITLEMENTS = "LoopbackFS-Framework-ObjC/LoopbackFS.entitlements";
				CODE_SIGN_STYLE = Manual;
				COMBINE_HIDPI_IMAGES = YES;
				CURRENT_PROJECT_VERSION = 1;
				DEVELOPMENT_TEAM = "";
				ENABLE_APP_SANDBOX = NO;
				ENABLE_HARDENED_RUNTIME = YES;
				FRAMEWORK_SEARCH_PATHS = (
					"$(inherited)",
					"$(LOCAL_LIBRARY_DIR)/Frameworks",
				);
				GENERATE_INFOPLIST_FILE = YES;
				INFOPLIST_KEY_CFBundleDisplayName = LoopbackFS;
				INFOPLIST_KEY_NSHumanReadableCopyright = "";
				INFOPLIST_KEY_NSMainStoryboardFile = Main;
				INFOPLIST_KEY_NSPrincipalClass = NSApplication;
				LD_RUNPATH_SEARCH_PATHS = (
					"$(inherited)",
					"@executable_path/../Frameworks",
				);
				MARKETING_VERSION = 1.0;
				PRODUCT_BUNDLE_IDENTIFIER = "io.macfuse.demo.loopbackfs-framework-objc";
				PRODUCT_NAME = "$(TARGET_NAME)";
				PROVISIONING_PROFILE_SPECIFIER = "";
				REGISTER_APP_GROUPS = YES;
				STRING_CATALOG_GENERATE_SYMBOLS = YES;
				SWIFT_EMIT_LOC_STRINGS = YES;
			};
			name = Debug;
		};
		43CB31852E95A57A003A651F /* Release */ = {
			isa = XCBuildConfiguration;
			buildSettings = {
				ASSETCATALOG_COMPILER_APPICON_NAME = AppIcon;
				ASSETCATALOG_COMPILER_GLOBAL_ACCENT_COLOR_NAME = AccentColor;
				CODE_SIGN_ENTITLEMENTS = "LoopbackFS-Framework-ObjC/LoopbackFS.entitlements";
				CODE_SIGN_STYLE = Manual;
				COMBINE_HIDPI_IMAGES = YES;
				CURRENT_PROJECT_VERSION = 1;
				DEVELOPMENT_TEAM = "";
				ENABLE_APP_SANDBOX = NO;
				ENABLE_HARDENED_RUNTIME = YES;
				FRAMEWORK_SEARCH_PATHS = (
					"$(inherited)",
					"$(LOCAL_LIBRARY_DIR)/Frameworks",
				);
				GENERATE_INFOPLIST_FILE = YES;
				INFOPLIST_KEY_CFBundleDisplayName = LoopbackFS;
				INFOPLIST_KEY_NSHumanReadableCopyright = "";
				INFOPLIST_KEY_NSMainStoryboardFile = Main;
				INFOPLIST_KEY_NSPrincipalClass = NSApplication;
				LD_RUNPATH_SEARCH_PATHS = (
					"$(inherited)",
					"@executable_path/../Frameworks",
				);
				MARKETING_VERSION = 1.0;
				PRODUCT_BUNDLE_IDENTIFIER = "io.macfuse.demo.loopbackfs-framework-objc";
				PRODUCT_NAME = "$(TARGET_NAME)";
				PROVISIONING_PROFILE_SPECIFIER = "";
				REGISTER_APP_GROUPS = YES;
				STRING_CATALOG_GENERATE_SYMBOLS = YES;
				SWIFT_EMIT_LOC_STRINGS = YES;
			};
			name = Release;
		};
/* End XCBuildConfiguration section */

/* Begin XCConfigurationList section */
		431A53332E96B78C00E2E1D9 /* Build configuration list for PBXNativeTarget "LoopbackFS-libfuse3-C" */ = {
			isa = XCConfigurationList;
			buildConfigurations = (
				431A53312E96B78C00E2E1D9 /* Debug */,
				431A53322E96B78C00E2E1D9 /* Release */,
			);
			defaultConfigurationIsVisible = 0;
			defaultConfigurationName = Release;
		};
		43CB312F2E958ECE003A651F /* Build configuration list for PBXProject "LoopbackFS" */ = {
			isa = XCConfigurationList;
			buildConfigurations = (
				43CB31392E958ECE003A651F /* Debug */,
				43CB313A2E958ECE003A651F /* Release */,
			);
			defaultConfigurationIsVisible = 0;
			defaultConfigurationName = Release;
		};
		43CB313B2E958ECE003A651F /* Build configuration list for PBXNativeTarget "LoopbackFS-libfuse2-C" */ = {
			isa = XCConfigurationList;
			buildConfigurations = (
				43CB313C2E958ECE003A651F /* Debug */,
				43CB313D2E958ECE003A651F /* Release */,
			);
			defaultConfigurationIsVisible = 0;
			defaultConfigurationName = Release;
		};
		43CB314D2E95904B003A651F /* Build configuration list for PBXNativeTarget "LoopbackFS-Framework-Swift" */ = {
			isa = XCConfigurationList;
			buildConfigurations = (
				43CB314E2E95904B003A651F /* Debug */,
				43CB314F2E95904B003A651F /* Release */,
			);
			defaultConfigurationIsVisible = 0;
			defaultConfigurationName = Release;
		};
		43CB31832E95A57A003A651F /* Build configuration list for PBXNativeTarget "LoopbackFS-Framework-ObjC" */ = {
			isa = XCConfigurationList;
			buildConfigurations = (
				43CB31842E95A57A003A651F /* Debug */,
				43CB31852E95A57A003A651F /* Release */,
			);
			defaultConfigurationIsVisible = 0;
			defaultConfigurationName = Release;
		};
/* End XCConfigurationList section */
	};
	rootObject = 43CB312C2E958ECE003A651F /* Project object */;
}
